
Microsoft Visual Studio Solution File, Format Version 12.00
# Visual Studio Version 17
VisualStudioVersion = 17.0.31903.59
MinimumVisualStudioVersion = 10.0.40219.1
Project("{9A19103F-16F7-4668-BE54-9A1E7A4F7556}") = "Manager.API", "src\Manager.API\Manager.API.csproj", "{1FA7DBCC-F871-4256-BACA-9D47A47C277C}"
EndProject
Project("{9A19103F-16F7-4668-BE54-9A1E7A4F7556}") = "Manager.Core", "src\Manager.Core\Manager.Core.csproj", "{9C205FE2-0663-4ECF-9662-17D82D728FCD}"
EndProject
Project("{9A19103F-16F7-4668-BE54-9A1E7A4F7556}") = "Manager.Domain", "src\Manager.Domain\Manager.Domain.csproj", "{3CE13220-D792-4182-A99C-45B2C228004C}"
EndProject
Project("{9A19103F-16F7-4668-BE54-9A1E7A4F7556}") = "Manager.Infra", "src\Manager.Infra\Manager.Infra.csproj", "{7166A57D-64FD-439D-B56D-296927312FA7}"
EndProject
Project("{9A19103F-16F7-4668-BE54-9A1E7A4F7556}") = "Manager.Services", "src\Manager.Services\Manager.Services.csproj", "{86293C2A-1324-42A7-B5FD-F1A8C1956C58}"
EndProject
Global
	GlobalSection(SolutionConfigurationPlatforms) = preSolution
		Debug|Any CPU = Debug|Any CPU
		Release|Any CPU = Release|Any CPU
	EndGlobalSection
	GlobalSection(ProjectConfigurationPlatforms) = postSolution
		{1FA7DBCC-F871-4256-BACA-9D47A47C277C}.Debug|Any CPU.ActiveCfg = Debug|Any CPU
		{1FA7DBCC-F871-4256-BACA-9D47A47C277C}.Debug|Any CPU.Build.0 = Debug|Any CPU
		{1FA7DBCC-F871-4256-BACA-9D47A47C277C}.Release|Any CPU.ActiveCfg = Release|Any CPU
		{1FA7DBCC-F871-4256-BACA-9D47A47C277C}.Release|Any CPU.Build.0 = Release|Any CPU
		{9C205FE2-0663-4ECF-9662-17D82D728FCD}.Debug|Any CPU.ActiveCfg = Debug|Any CPU
		{9C205FE2-0663-4ECF-9662-17D82D728FCD}.Debug|Any CPU.Build.0 = Debug|Any CPU
		{9C205FE2-0663-4ECF-9662-17D82D728FCD}.Release|Any CPU.ActiveCfg = Release|Any CPU
		{9C205FE2-0663-4ECF-9662-17D82D728FCD}.Release|Any CPU.Build.0 = Release|Any CPU
		{3CE13220-D792-4182-A99C-45B2C228004C}.Debug|Any CPU.ActiveCfg = Debug|Any CPU
		{3CE13220-D792-4182-A99C-45B2C228004C}.Debug|Any CPU.Build.0 = Debug|Any CPU
		{3CE13220-D792-4182-A99C-45B2C228004C}.Release|Any CPU.ActiveCfg = Release|Any CPU
		{3CE13220-D792-4182-A99C-45B2C228004C}.Release|Any CPU.Build.0 = Release|Any CPU
		{7166A57D-64FD-439D-B56D-296927312FA7}.Debug|Any CPU.ActiveCfg = Debug|Any CPU
		{7166A57D-64FD-439D-B56D-296927312FA7}.Debug|Any CPU.Build.0 = Debug|Any CPU
		{7166A57D-64FD-439D-B56D-296927312FA7}.Release|Any CPU.ActiveCfg = Release|Any CPU
		{7166A57D-64FD-439D-B56D-296927312FA7}.Release|Any CPU.Build.0 = Release|Any CPU
		{86293C2A-1324-42A7-B5FD-F1A8C1956C58}.Debug|Any CPU.ActiveCfg = Debug|Any CPU
		{86293C2A-1324-42A7-B5FD-F1A8C1956C58}.Debug|Any CPU.Build.0 = Debug|Any CPU
		{86293C2A-1324-42A7-B5FD-F1A8C1956C58}.Release|Any CPU.ActiveCfg = Release|Any CPU
		{86293C2A-1324-42A7-B5FD-F1A8C1956C58}.Release|Any CPU.Build.0 = Release|Any CPU
	EndGlobalSection
	GlobalSection(SolutionProperties) = preSolution
		HideSolutionNode = FALSE
	EndGlobalSection
	GlobalSection(ExtensibilityGlobals) = postSolution
		SolutionGuid = {56A094BD-0695-44BE-8274-4DDB28FE275E}
	EndGlobalSection
EndGlobal
